# THIS IS AN AUTOGENERATED FILE. DO NOT EDIT THIS FILE DIRECTLY.
# yarn lockfile v1


"@shopify/polaris-icons@3.10.0":
  version "3.10.0"
  resolved "https://registry.yarnpkg.com/@shopify/polaris-icons/-/polaris-icons-3.10.0.tgz#01fa32853c304c58d768209a74f88ac9d7a51098"
  integrity sha512-Y8cTtFwIfkUDlCHonCimSxPdHk9AE11PYsh9JqzTKLjsAv6p3De/JQR/gZfAifmAAhg0XBmaaV5K4Y6Z5J6xAw==

svelte@^3.24.0:
  version "3.30.0"
  resolved "https://registry.npmjs.org/svelte/-/svelte-3.30.0.tgz#cbde341e96bf34f4ac73c8f14f8a014e03bfb7d6"
  integrity sha512-z+hdIACb9TROGvJBQWcItMtlr4s0DBUgJss6qWrtFkOoIInkG+iAMo/FJZQFyDBQZc+dul2+TzYSi/tpTT5/Ag==

svg-to-svelte@^2.0.0:
  version "2.0.0"
  resolved "https://registry.npmjs.org/svg-to-svelte/-/svg-to-svelte-2.0.0.tgz#0069ccd8dca85fb2fc233eac3b56c54235425c66"
  integrity sha512-zKVAPwmZvqgu04ulR/92HILIt3LAGP+RZTGFDsqsBXEw/qABGqhQFlkmqNAtRq4iV5iVRb+O6nQX0CgoVzwatw==
  dependencies:
    svelte "^3.24.0"
