# THIS IS AN AUTOGENERATED FILE. DO NOT EDIT THIS FILE DIRECTLY.
# yarn lockfile v1


"@shopify/polaris-icons@4.1.0":
  version "4.1.0"
  resolved "https://registry.npmjs.org/@shopify/polaris-icons/-/polaris-icons-4.1.0.tgz#296ff47d22b52cb1592e2fa81a609f8f3c912eb0"
  integrity sha512-U5ODhOJtfYHJskYUknceIjpF+EhHdMQJ54HSWsjuHAapCWbmA8ROVonAnDEM+cWeEVinpPZzQd2nE/DVJUmKkw==

svelte@^3.24.0:
  version "3.30.0"
  resolved "https://registry.npmjs.org/svelte/-/svelte-3.30.0.tgz#cbde341e96bf34f4ac73c8f14f8a014e03bfb7d6"
  integrity sha512-z+hdIACb9TROGvJBQWcItMtlr4s0DBUgJss6qWrtFkOoIInkG+iAMo/FJZQFyDBQZc+dul2+TzYSi/tpTT5/Ag==

svg-to-svelte@^2.0.0:
  version "2.0.0"
  resolved "https://registry.npmjs.org/svg-to-svelte/-/svg-to-svelte-2.0.0.tgz#0069ccd8dca85fb2fc233eac3b56c54235425c66"
  integrity sha512-zKVAPwmZvqgu04ulR/92HILIt3LAGP+RZTGFDsqsBXEw/qABGqhQFlkmqNAtRq4iV5iVRb+O6nQX0CgoVzwatw==
  dependencies:
    svelte "^3.24.0"
